
Microsoft Visual Studio Solution File, Format Version 12.00
# Visual Studio Version 17
VisualStudioVersion = 17.10.35027.167
MinimumVisualStudioVersion = 10.0.40219.1
Project("{FAE04EC0-301F-11D3-BF4B-00C04F79EFBC}") = "StreamWriterTestsApp", "StreamWriterTestsApp.csproj", "{4CA82EBC-E2EB-41A7-9D01-3336E935C2E8}"
EndProject
Global
	GlobalSection(SolutionConfigurationPlatforms) = preSolution
		Debug|Any CPU = Debug|Any CPU
		Release|Any CPU = Release|Any CPU
	EndGlobalSection
	GlobalSection(ProjectConfigurationPlatforms) = postSolution
		{4CA82EBC-E2EB-41A7-9D01-3336E935C2E8}.Debug|Any CPU.ActiveCfg = Debug|Any CPU
		{4CA82EBC-E2EB-41A7-9D01-3336E935C2E8}.Debug|Any CPU.Build.0 = Debug|Any CPU
		{4CA82EBC-E2EB-41A7-9D01-3336E935C2E8}.Release|Any CPU.ActiveCfg = Release|Any CPU
		{4CA82EBC-E2EB-41A7-9D01-3336E935C2E8}.Release|Any CPU.Build.0 = Release|Any CPU
	EndGlobalSection
	GlobalSection(SolutionProperties) = preSolution
		HideSolutionNode = FALSE
	EndGlobalSection
	GlobalSection(ExtensibilityGlobals) = postSolution
		SolutionGuid = {085BF015-1BEB-4F9E-8AEE-D52C00D40C86}
	EndGlobalSection
EndGlobal
